<?xml version="1.0" encoding="utf-8"?>
<Project ToolsVersion="4.0" xmlns="http://schemas.microsoft.com/developer/msbuild/2003">
  <ItemGroup>
    <Filter Include="Main">
      <UniqueIdentifier>{4FC737F1-C7A5-4376-A066-2A32D752A2FF}</UniqueIdentifier>
      <Extensions>cpp;c;cc;cxx;c++;cppm;ixx;def;odl;idl;hpj;bat;asm;asmx</Extensions>
    </Filter>
    <Filter Include="Main\Session">
      <UniqueIdentifier>{74fcc6b1-2930-40b8-8aca-dc7faa7c1de1}</UniqueIdentifier>
    </Filter>
    <Filter Include="pch">
      <UniqueIdentifier>{93995380-89BD-4b04-88EB-625FBE52EBFB}</UniqueIdentifier>
      <Extensions>h;hh;hpp;hxx;h++;hm;inl;inc;ipp;xsd</Extensions>
    </Filter>
    <Filter Include="Main\Protocol">
      <UniqueIdentifier>{703e23f9-2ebd-4367-a4bc-df69deadbc13}</UniqueIdentifier>
    </Filter>
  </ItemGroup>
  <ItemGroup>
    <ClCompile Include="GameServer.cpp">
      <Filter>Main</Filter>
    </ClCompile>
    <ClCompile Include="pch.cpp">
      <Filter>pch</Filter>
    </ClCompile>
    <ClCompile Include="SessionManager.cpp">
      <Filter>Main\Session</Filter>
    </ClCompile>
    <ClCompile Include="ServerSession.cpp">
      <Filter>Main\Session</Filter>
    </ClCompile>
    <ClCompile Include="Protocol.pb.cc">
      <Filter>Main\Protocol</Filter>
    </ClCompile>
  </ItemGroup>
  <ItemGroup>
    <ClInclude Include="pch.h">
      <Filter>pch</Filter>
    </ClInclude>
    <ClInclude Include="SessionManager.h">
      <Filter>Main\Session</Filter>
    </ClInclude>
    <ClInclude Include="ServerSession.h">
      <Filter>Main\Session</Filter>
    </ClInclude>
    <ClInclude Include="Protocol.pb.h">
      <Filter>Main\Protocol</Filter>
    </ClInclude>
  </ItemGroup>
  <ItemGroup>
    <None Include="..\protoc\bin\PacketGenerator.bat">
      <Filter>Main\Protocol</Filter>
    </None>
    <None Include="..\protoc\bin\Protocol.proto">
      <Filter>Main\Protocol</Filter>
    </None>
  </ItemGroup>
</Project>