<?xml version="1.0" encoding="utf-8"?>
<Project ToolsVersion="4.0" xmlns="http://schemas.microsoft.com/developer/msbuild/2003">
  <ItemGroup>
    <Filter Include="pch">
      <UniqueIdentifier>{4FC737F1-C7A5-4376-A066-2A32D752A2FF}</UniqueIdentifier>
      <Extensions>cpp;c;cc;cxx;c++;cppm;ixx;def;odl;idl;hpj;bat;asm;asmx</Extensions>
    </Filter>
    <Filter Include="Network">
      <UniqueIdentifier>{0fc13d50-0fe3-4513-99ab-86ca092e2215}</UniqueIdentifier>
    </Filter>
    <Filter Include="Network\IOCP">
      <UniqueIdentifier>{41a726d0-f05a-4a7b-a6c9-3ea340eb6cb0}</UniqueIdentifier>
    </Filter>
    <Filter Include="Network\Service">
      <UniqueIdentifier>{0630ed6c-8154-41a5-bfec-b5cb0bc44f51}</UniqueIdentifier>
    </Filter>
  </ItemGroup>
  <ItemGroup>
    <ClInclude Include="pch.h">
      <Filter>pch</Filter>
    </ClInclude>
    <ClInclude Include="CorePch.h">
      <Filter>pch</Filter>
    </ClInclude>
    <ClInclude Include="Listener.h">
      <Filter>Network</Filter>
    </ClInclude>
    <ClInclude Include="SocketHelper.h">
      <Filter>Network</Filter>
    </ClInclude>
    <ClInclude Include="Session.h">
      <Filter>Network</Filter>
    </ClInclude>
    <ClInclude Include="IOCPCore.h">
      <Filter>Network\IOCP</Filter>
    </ClInclude>
    <ClInclude Include="IOCPEvent.h">
      <Filter>Network\IOCP</Filter>
    </ClInclude>
    <ClInclude Include="IOCPObj.h">
      <Filter>Network\IOCP</Filter>
    </ClInclude>
    <ClInclude Include="Service.h">
      <Filter>Network\Service</Filter>
    </ClInclude>
    <ClInclude Include="ServerService.h">
      <Filter>Network\Service</Filter>
    </ClInclude>
  </ItemGroup>
  <ItemGroup>
    <ClCompile Include="pch.cpp">
      <Filter>pch</Filter>
    </ClCompile>
    <ClCompile Include="CorePch.cpp">
      <Filter>pch</Filter>
    </ClCompile>
    <ClCompile Include="Listener.cpp">
      <Filter>Network</Filter>
    </ClCompile>
    <ClCompile Include="SocketHelper.cpp">
      <Filter>Network</Filter>
    </ClCompile>
    <ClCompile Include="Session.cpp">
      <Filter>Network</Filter>
    </ClCompile>
    <ClCompile Include="IOCPCore.cpp">
      <Filter>Network\IOCP</Filter>
    </ClCompile>
    <ClCompile Include="IOCPEvent.cpp">
      <Filter>Network\IOCP</Filter>
    </ClCompile>
    <ClCompile Include="IOCPObj.cpp">
      <Filter>Network\IOCP</Filter>
    </ClCompile>
    <ClCompile Include="Service.cpp">
      <Filter>Network\Service</Filter>
    </ClCompile>
    <ClCompile Include="ServerService.cpp">
      <Filter>Network\Service</Filter>
    </ClCompile>
  </ItemGroup>
</Project>